
Microsoft Visual Studio Solution File, Format Version 12.00
# Visual Studio Version 16
VisualStudioVersion = 16.0.30320.27
MinimumVisualStudioVersion = 10.0.40219.1
Project("{8BC9CEB8-8B4A-11D0-8D11-00A0C91BC942}") = "TestingGround", "TestingGround\TestingGround.vcxproj", "{57B4384D-31CF-4267-8AE8-9D057992AA91}"
EndProject
Project("{2150E333-8FDC-42A3-9474-1A3956D46DE8}") = "Solution Items", "Solution Items", "{823465EB-F8E9-4B5E-BA5E-4756C3EB2D3C}"
	ProjectSection(SolutionItems) = preProject
		Class1.cs = Class1.cs
	EndProjectSection
EndProject
Global
	GlobalSection(SolutionConfigurationPlatforms) = preSolution
		Debug|x64 = Debug|x64
		Debug|x86 = Debug|x86
		Release|x64 = Release|x64
		Release|x86 = Release|x86
	EndGlobalSection
	GlobalSection(ProjectConfigurationPlatforms) = postSolution
		{57B4384D-31CF-4267-8AE8-9D057992AA91}.Debug|x64.ActiveCfg = Debug|x64
		{57B4384D-31CF-4267-8AE8-9D057992AA91}.Debug|x64.Build.0 = Debug|x64
		{57B4384D-31CF-4267-8AE8-9D057992AA91}.Debug|x86.ActiveCfg = Debug|Win32
		{57B4384D-31CF-4267-8AE8-9D057992AA91}.Debug|x86.Build.0 = Debug|Win32
		{57B4384D-31CF-4267-8AE8-9D057992AA91}.Release|x64.ActiveCfg = Release|x64
		{57B4384D-31CF-4267-8AE8-9D057992AA91}.Release|x64.Build.0 = Release|x64
		{57B4384D-31CF-4267-8AE8-9D057992AA91}.Release|x86.ActiveCfg = Release|Win32
		{57B4384D-31CF-4267-8AE8-9D057992AA91}.Release|x86.Build.0 = Release|Win32
	EndGlobalSection
	GlobalSection(SolutionProperties) = preSolution
		HideSolutionNode = FALSE
	EndGlobalSection
	GlobalSection(ExtensibilityGlobals) = postSolution
		SolutionGuid = {C9EF0323-47D1-46A8-A988-35EE113D67D8}
	EndGlobalSection
EndGlobal
