<?xml version="1.0" encoding="utf-8"?>
<Project ToolsVersion="4.0" xmlns="http://schemas.microsoft.com/developer/msbuild/2003">
  <ItemGroup>
    <Filter Include="Source Files">
      <UniqueIdentifier>{4FC737F1-C7A5-4376-A066-2A32D752A2FF}</UniqueIdentifier>
      <Extensions>cpp;c;cc;cxx;c++;def;odl;idl;hpj;bat;asm;asmx</Extensions>
    </Filter>
    <Filter Include="Header Files">
      <UniqueIdentifier>{93995380-89BD-4b04-88EB-625FBE52EBFB}</UniqueIdentifier>
      <Extensions>h;hh;hpp;hxx;h++;hm;inl;inc;ipp;xsd</Extensions>
    </Filter>
    <Filter Include="Resource Files">
      <UniqueIdentifier>{67DA6AB6-F800-4c08-8B7A-83BB121AAD01}</UniqueIdentifier>
      <Extensions>rc;ico;cur;bmp;dlg;rc2;rct;bin;rgs;gif;jpg;jpeg;jpe;resx;tiff;tif;png;wav;mfcribbon-ms</Extensions>
    </Filter>
    <Filter Include="Shader Files">
      <UniqueIdentifier>{a5031303-7f68-48b6-934d-4e223f5fad7a}</UniqueIdentifier>
    </Filter>
    <Filter Include="Resource Files\Textures">
      <UniqueIdentifier>{5cdf1f6d-e6be-4530-bbb0-e3aabb398fc8}</UniqueIdentifier>
    </Filter>
    <Filter Include="Shader Files\Square Shaders">
      <UniqueIdentifier>{b9c0802b-ffab-4c30-a443-11d95edc0cd2}</UniqueIdentifier>
    </Filter>
  </ItemGroup>
  <ItemGroup>
    <ClCompile Include="TestingGround.cpp">
      <Filter>Source Files</Filter>
    </ClCompile>
    <ClCompile Include="Point.cpp">
      <Filter>Source Files</Filter>
    </ClCompile>
    <ClCompile Include="..\..\..\..\Documents\GLAD\src\glad.c">
      <Filter>Source Files</Filter>
    </ClCompile>
    <ClCompile Include="OpenGLInit.cpp">
      <Filter>Source Files</Filter>
    </ClCompile>
    <ClCompile Include="Shader.cpp">
      <Filter>Source Files</Filter>
    </ClCompile>
    <ClCompile Include="stb_image.cpp">
      <Filter>Source Files</Filter>
    </ClCompile>
    <ClCompile Include="OpenGLInit2.cpp">
      <Filter>Source Files</Filter>
    </ClCompile>
  </ItemGroup>
  <ItemGroup>
    <ClInclude Include="Point.h">
      <Filter>Header Files</Filter>
    </ClInclude>
    <ClInclude Include="OpenGLInit.h">
      <Filter>Header Files</Filter>
    </ClInclude>
    <ClInclude Include="Shader.h">
      <Filter>Header Files</Filter>
    </ClInclude>
    <ClInclude Include="stb_image.h">
      <Filter>Header Files</Filter>
    </ClInclude>
    <ClInclude Include="OpenGLInit2.h">
      <Filter>Header Files</Filter>
    </ClInclude>
    <ClInclude Include="Camera.h">
      <Filter>Header Files</Filter>
    </ClInclude>
  </ItemGroup>
  <ItemGroup>
    <None Include="vShader.vs">
      <Filter>Shader Files</Filter>
    </None>
    <None Include="fShader.fs">
      <Filter>Shader Files</Filter>
    </None>
    <None Include="fShader2.fs">
      <Filter>Shader Files</Filter>
    </None>
    <None Include="fShader3.fs">
      <Filter>Shader Files</Filter>
    </None>
    <None Include="squareVertexShader.vs">
      <Filter>Shader Files</Filter>
    </None>
    <None Include="shaders\fragmentShaderSquare.fs">
      <Filter>Shader Files\Square Shaders</Filter>
    </None>
    <None Include="shaders\vertexShaderSquare.vs">
      <Filter>Shader Files\Square Shaders</Filter>
    </None>
    <None Include="shaders\lightSource.fs">
      <Filter>Shader Files\Square Shaders</Filter>
    </None>
    <None Include="shaders\lightSource.vs">
      <Filter>Shader Files\Square Shaders</Filter>
    </None>
  </ItemGroup>
  <ItemGroup>
    <Image Include="textures\container.jpg">
      <Filter>Resource Files\Textures</Filter>
    </Image>
    <Image Include="textures\awesomeface.png">
      <Filter>Resource Files\Textures</Filter>
    </Image>
    <Image Include="textures\container2.png">
      <Filter>Resource Files\Textures</Filter>
    </Image>
    <Image Include="textures\container2_specular.png">
      <Filter>Resource Files\Textures</Filter>
    </Image>
  </ItemGroup>
</Project>